
Microsoft Visual Studio Solution File, Format Version 12.00
# Visual Studio Version 17
VisualStudioVersion = 17.4.33213.308
MinimumVisualStudioVersion = 10.0.40219.1
Project("{9A19103F-16F7-4668-BE54-9A1E7A4F7556}") = "CursoCSharp_1", "CursoCSharp_1\CursoCSharp_1.csproj", "{3EA6394A-BF1C-4C38-8438-E705EDF4F740}"
EndProject
Project("{9A19103F-16F7-4668-BE54-9A1E7A4F7556}") = "ejemplo_1_4-5", "..\ejemplo_1_4-5\ejemplo_1_4-5.csproj", "{664E6500-8ACA-4C7E-B078-A34082629356}"
EndProject
Project("{9A19103F-16F7-4668-BE54-9A1E7A4F7556}") = "CursoCSharp_4_constantes", "..\CursoCSharp_4_constantes\CursoCSharp_4_constantes.csproj", "{7B74ED26-830A-4874-ABB7-E2AE01B81414}"
EndProject
Project("{9A19103F-16F7-4668-BE54-9A1E7A4F7556}") = "CursoCSharp_10_foreach", "..\CursoCSharp_10_foreach\CursoCSharp_10_foreach.csproj", "{2451E02C-274C-4C8A-84D9-4DD2F5B074C0}"
EndProject
Project("{9A19103F-16F7-4668-BE54-9A1E7A4F7556}") = "CursoCSharp_11_operadores", "..\CursoCSharp_11_operadores\CursoCSharp_11_operadores.csproj", "{F47FB067-CEEF-4F1B-A88F-BA12C5A16655}"
EndProject
Project("{9A19103F-16F7-4668-BE54-9A1E7A4F7556}") = "CursoCSharp_12_leyendo_argumentos", "..\CursoCSharp_12_leyendo_argumentos\CursoCSharp_12_leyendo_argumentos.csproj", "{E27CC86B-8E28-43DC-9BE6-7272BA38D76F}"
EndProject
Project("{9A19103F-16F7-4668-BE54-9A1E7A4F7556}") = "CursoCSharp_13_arrays", "..\CursoCSharp_13_arrays\CursoCSharp_13_arrays.csproj", "{60719D67-DC7B-4696-83ED-26EDB1FEC4B8}"
EndProject
Project("{9A19103F-16F7-4668-BE54-9A1E7A4F7556}") = "CursoCSharp_14_conversiones_tipo", "..\CursoCSharp_14_conversiones_tipo\CursoCSharp_14_conversiones_tipo.csproj", "{D2FA9B9C-C89D-4CF7-8BB2-D0CC8022F183}"
EndProject
Project("{9A19103F-16F7-4668-BE54-9A1E7A4F7556}") = "CursoCSharp_1_metodos", "..\CursoCSharp_1_metodos\CursoCSharp_1_metodos.csproj", "{D9D45EB8-C1D1-43D9-8352-7F8639E86A75}"
EndProject
Project("{9A19103F-16F7-4668-BE54-9A1E7A4F7556}") = "CursoCSharp_2_procedimientos_funciones", "..\CursoCSharp_2_funciones\CursoCSharp_2_procedimientos_funciones.csproj", "{6B0FBCA5-A61E-41D8-A58A-B76CEC7DD93F}"
EndProject
Project("{9A19103F-16F7-4668-BE54-9A1E7A4F7556}") = "CursoCSharp_3_funciones", "..\CursoCSharp_3_funciones\CursoCSharp_3_funciones.csproj", "{976A6E5C-37D5-4EA5-BB85-29640DD2D581}"
EndProject
Project("{FAE04EC0-301F-11D3-BF4B-00C04F79EFBC}") = "CursoCSharp_4_Paso_valor_referencia", "..\CursoCSharp_4_Paso_valor_referencia\CursoCSharp_4_Paso_valor_referencia.csproj", "{D8054858-010D-4069-8DAD-02A86556FCB6}"
EndProject
Project("{FAE04EC0-301F-11D3-BF4B-00C04F79EFBC}") = "CursoCSharp_5_funciones_locales", "..\CursoCSharp_5_funciones_locales\CursoCSharp_5_funciones_locales.csproj", "{658A91AF-6057-4CAE-88A6-F19802044115}"
EndProject
Global
	GlobalSection(SolutionConfigurationPlatforms) = preSolution
		Debug|Any CPU = Debug|Any CPU
		Release|Any CPU = Release|Any CPU
	EndGlobalSection
	GlobalSection(ProjectConfigurationPlatforms) = postSolution
		{3EA6394A-BF1C-4C38-8438-E705EDF4F740}.Debug|Any CPU.ActiveCfg = Debug|Any CPU
		{3EA6394A-BF1C-4C38-8438-E705EDF4F740}.Debug|Any CPU.Build.0 = Debug|Any CPU
		{3EA6394A-BF1C-4C38-8438-E705EDF4F740}.Release|Any CPU.ActiveCfg = Release|Any CPU
		{3EA6394A-BF1C-4C38-8438-E705EDF4F740}.Release|Any CPU.Build.0 = Release|Any CPU
		{664E6500-8ACA-4C7E-B078-A34082629356}.Debug|Any CPU.ActiveCfg = Debug|Any CPU
		{664E6500-8ACA-4C7E-B078-A34082629356}.Debug|Any CPU.Build.0 = Debug|Any CPU
		{664E6500-8ACA-4C7E-B078-A34082629356}.Release|Any CPU.ActiveCfg = Release|Any CPU
		{664E6500-8ACA-4C7E-B078-A34082629356}.Release|Any CPU.Build.0 = Release|Any CPU
		{7B74ED26-830A-4874-ABB7-E2AE01B81414}.Debug|Any CPU.ActiveCfg = Debug|Any CPU
		{7B74ED26-830A-4874-ABB7-E2AE01B81414}.Debug|Any CPU.Build.0 = Debug|Any CPU
		{7B74ED26-830A-4874-ABB7-E2AE01B81414}.Release|Any CPU.ActiveCfg = Release|Any CPU
		{7B74ED26-830A-4874-ABB7-E2AE01B81414}.Release|Any CPU.Build.0 = Release|Any CPU
		{2451E02C-274C-4C8A-84D9-4DD2F5B074C0}.Debug|Any CPU.ActiveCfg = Debug|Any CPU
		{2451E02C-274C-4C8A-84D9-4DD2F5B074C0}.Debug|Any CPU.Build.0 = Debug|Any CPU
		{2451E02C-274C-4C8A-84D9-4DD2F5B074C0}.Release|Any CPU.ActiveCfg = Release|Any CPU
		{2451E02C-274C-4C8A-84D9-4DD2F5B074C0}.Release|Any CPU.Build.0 = Release|Any CPU
		{F47FB067-CEEF-4F1B-A88F-BA12C5A16655}.Debug|Any CPU.ActiveCfg = Debug|Any CPU
		{F47FB067-CEEF-4F1B-A88F-BA12C5A16655}.Debug|Any CPU.Build.0 = Debug|Any CPU
		{F47FB067-CEEF-4F1B-A88F-BA12C5A16655}.Release|Any CPU.ActiveCfg = Release|Any CPU
		{F47FB067-CEEF-4F1B-A88F-BA12C5A16655}.Release|Any CPU.Build.0 = Release|Any CPU
		{E27CC86B-8E28-43DC-9BE6-7272BA38D76F}.Debug|Any CPU.ActiveCfg = Debug|Any CPU
		{E27CC86B-8E28-43DC-9BE6-7272BA38D76F}.Debug|Any CPU.Build.0 = Debug|Any CPU
		{E27CC86B-8E28-43DC-9BE6-7272BA38D76F}.Release|Any CPU.ActiveCfg = Release|Any CPU
		{E27CC86B-8E28-43DC-9BE6-7272BA38D76F}.Release|Any CPU.Build.0 = Release|Any CPU
		{60719D67-DC7B-4696-83ED-26EDB1FEC4B8}.Debug|Any CPU.ActiveCfg = Debug|Any CPU
		{60719D67-DC7B-4696-83ED-26EDB1FEC4B8}.Debug|Any CPU.Build.0 = Debug|Any CPU
		{60719D67-DC7B-4696-83ED-26EDB1FEC4B8}.Release|Any CPU.ActiveCfg = Release|Any CPU
		{60719D67-DC7B-4696-83ED-26EDB1FEC4B8}.Release|Any CPU.Build.0 = Release|Any CPU
		{D2FA9B9C-C89D-4CF7-8BB2-D0CC8022F183}.Debug|Any CPU.ActiveCfg = Debug|Any CPU
		{D2FA9B9C-C89D-4CF7-8BB2-D0CC8022F183}.Debug|Any CPU.Build.0 = Debug|Any CPU
		{D2FA9B9C-C89D-4CF7-8BB2-D0CC8022F183}.Release|Any CPU.ActiveCfg = Release|Any CPU
		{D2FA9B9C-C89D-4CF7-8BB2-D0CC8022F183}.Release|Any CPU.Build.0 = Release|Any CPU
		{D9D45EB8-C1D1-43D9-8352-7F8639E86A75}.Debug|Any CPU.ActiveCfg = Debug|Any CPU
		{D9D45EB8-C1D1-43D9-8352-7F8639E86A75}.Debug|Any CPU.Build.0 = Debug|Any CPU
		{D9D45EB8-C1D1-43D9-8352-7F8639E86A75}.Release|Any CPU.ActiveCfg = Release|Any CPU
		{D9D45EB8-C1D1-43D9-8352-7F8639E86A75}.Release|Any CPU.Build.0 = Release|Any CPU
		{6B0FBCA5-A61E-41D8-A58A-B76CEC7DD93F}.Debug|Any CPU.ActiveCfg = Debug|Any CPU
		{6B0FBCA5-A61E-41D8-A58A-B76CEC7DD93F}.Debug|Any CPU.Build.0 = Debug|Any CPU
		{6B0FBCA5-A61E-41D8-A58A-B76CEC7DD93F}.Release|Any CPU.ActiveCfg = Release|Any CPU
		{6B0FBCA5-A61E-41D8-A58A-B76CEC7DD93F}.Release|Any CPU.Build.0 = Release|Any CPU
		{976A6E5C-37D5-4EA5-BB85-29640DD2D581}.Debug|Any CPU.ActiveCfg = Debug|Any CPU
		{976A6E5C-37D5-4EA5-BB85-29640DD2D581}.Debug|Any CPU.Build.0 = Debug|Any CPU
		{976A6E5C-37D5-4EA5-BB85-29640DD2D581}.Release|Any CPU.ActiveCfg = Release|Any CPU
		{976A6E5C-37D5-4EA5-BB85-29640DD2D581}.Release|Any CPU.Build.0 = Release|Any CPU
		{D8054858-010D-4069-8DAD-02A86556FCB6}.Debug|Any CPU.ActiveCfg = Debug|Any CPU
		{D8054858-010D-4069-8DAD-02A86556FCB6}.Debug|Any CPU.Build.0 = Debug|Any CPU
		{D8054858-010D-4069-8DAD-02A86556FCB6}.Release|Any CPU.ActiveCfg = Release|Any CPU
		{D8054858-010D-4069-8DAD-02A86556FCB6}.Release|Any CPU.Build.0 = Release|Any CPU
		{658A91AF-6057-4CAE-88A6-F19802044115}.Debug|Any CPU.ActiveCfg = Debug|Any CPU
		{658A91AF-6057-4CAE-88A6-F19802044115}.Debug|Any CPU.Build.0 = Debug|Any CPU
		{658A91AF-6057-4CAE-88A6-F19802044115}.Release|Any CPU.ActiveCfg = Release|Any CPU
		{658A91AF-6057-4CAE-88A6-F19802044115}.Release|Any CPU.Build.0 = Release|Any CPU
	EndGlobalSection
	GlobalSection(SolutionProperties) = preSolution
		HideSolutionNode = FALSE
	EndGlobalSection
	GlobalSection(ExtensibilityGlobals) = postSolution
		SolutionGuid = {7A1D3B1A-55F9-4FD0-86B6-42989D4F18DB}
	EndGlobalSection
EndGlobal
